
Microsoft Visual Studio Solution File, Format Version 12.00
# Visual Studio Version 17
VisualStudioVersion = 17.14.36717.8 d17.14
MinimumVisualStudioVersion = 10.0.40219.1
Project("{FAE04EC0-301F-11D3-BF4B-00C04F79EFBC}") = "TrackerAPI", "TrackerAPI\TrackerAPI.csproj", "{3D93B641-1A11-4457-A759-542C6121EAFE}"
EndProject
Global
	GlobalSection(SolutionConfigurationPlatforms) = preSolution
		Debug|Any CPU = Debug|Any CPU
		Release|Any CPU = Release|Any CPU
	EndGlobalSection
	GlobalSection(ProjectConfigurationPlatforms) = postSolution
		{3D93B641-1A11-4457-A759-542C6121EAFE}.Debug|Any CPU.ActiveCfg = Debug|Any CPU
		{3D93B641-1A11-4457-A759-542C6121EAFE}.Debug|Any CPU.Build.0 = Debug|Any CPU
		{3D93B641-1A11-4457-A759-542C6121EAFE}.Release|Any CPU.ActiveCfg = Release|Any CPU
		{3D93B641-1A11-4457-A759-542C6121EAFE}.Release|Any CPU.Build.0 = Release|Any CPU
	EndGlobalSection
	GlobalSection(SolutionProperties) = preSolution
		HideSolutionNode = FALSE
	EndGlobalSection
	GlobalSection(ExtensibilityGlobals) = postSolution
		SolutionGuid = {143E2222-3DBD-4C20-91AC-976AC5CEBE54}
	EndGlobalSection
EndGlobal
